
Microsoft Visual Studio Solution File, Format Version 12.00
# Visual Studio 2013
VisualStudioVersion = 12.0.40629.0
MinimumVisualStudioVersion = 10.0.40219.1
Project("{FAE04EC0-301F-11D3-BF4B-00C04F79EFBC}") = "Emby.MythTv", "Emby.MythTv\Emby.MythTv.csproj", "{408C3F73-7432-4522-9BE4-C302F260DAED}"
EndProject
Global
	GlobalSection(SolutionConfigurationPlatforms) = preSolution
		Debug|Any CPU = Debug|Any CPU
		Release|Any CPU = Release|Any CPU
	EndGlobalSection
	GlobalSection(ProjectConfigurationPlatforms) = postSolution
		{408C3F73-7432-4522-9BE4-C302F260DAED}.Debug|Any CPU.ActiveCfg = Debug|Any CPU
		{408C3F73-7432-4522-9BE4-C302F260DAED}.Debug|Any CPU.Build.0 = Debug|Any CPU
		{408C3F73-7432-4522-9BE4-C302F260DAED}.Release|Any CPU.ActiveCfg = Release|Any CPU
		{408C3F73-7432-4522-9BE4-C302F260DAED}.Release|Any CPU.Build.0 = Release|Any CPU
	EndGlobalSection
	GlobalSection(SolutionProperties) = preSolution
		HideSolutionNode = FALSE
	EndGlobalSection
EndGlobal
